<?xml version="1.0" encoding="utf-8"?>
<Project ToolsVersion="4.0" xmlns="http://schemas.microsoft.com/developer/msbuild/2003">
  <ItemGroup>
    <Filter Include="Source Files">
      <UniqueIdentifier>{4FC737F1-C7A5-4376-A066-2A32D752A2FF}</UniqueIdentifier>
      <Extensions>cpp;c;cc;cxx;def;odl;idl;hpj;bat;asm;asmx</Extensions>
    </Filter>
    <Filter Include="Header Files">
      <UniqueIdentifier>{93995380-89BD-4b04-88EB-625FBE52EBFB}</UniqueIdentifier>
      <Extensions>h;hpp;hxx;hm;inl;inc;xsd</Extensions>
    </Filter>
    <Filter Include="Resource Files">
      <UniqueIdentifier>{67DA6AB6-F800-4c08-8B7A-83BB121AAD01}</UniqueIdentifier>
      <Extensions>rc;ico;cur;bmp;dlg;rc2;rct;bin;rgs;gif;jpg;jpeg;jpe;resx;tiff;tif;png;wav</Extensions>
    </Filter>
  </ItemGroup>
  <ItemGroup>
    <ClCompile Include="src\Buffer.cpp">
      <Filter>Source Files</Filter>
    </ClCompile>
    <ClCompile Include="src\dllmain.cpp">
      <Filter>Source Files</Filter>
    </ClCompile>
    <ClCompile Include="src\IncomingPacket.cpp">
      <Filter>Source Files</Filter>
    </ClCompile>
    <ClCompile Include="src\MessageFactory.cpp">
      <Filter>Source Files</Filter>
    </ClCompile>
    <ClCompile Include="src\OutgoingPacket.cpp">
      <Filter>Source Files</Filter>
    </ClCompile>
    <ClCompile Include="src\Protocol.cpp">
      <Filter>Source Files</Filter>
    </ClCompile>
    <ClCompile Include="src\ProtocolContext.cpp">
      <Filter>Source Files</Filter>
    </ClCompile>
    <ClCompile Include="src\ProtocolFramework.cpp">
      <Filter>Source Files</Filter>
    </ClCompile>
    <ClCompile Include="src\stdafx.cpp">
      <Filter>Source Files</Filter>
    </ClCompile>
    <ClCompile Include="src\BufferPool.cpp">
      <Filter>Source Files</Filter>
    </ClCompile>
    <ClCompile Include="src\ErrorCodes.cpp">
      <Filter>Source Files</Filter>
    </ClCompile>
    <ClCompile Include="src\DeserializeData.cpp">
      <Filter>Source Files</Filter>
    </ClCompile>
    <ClCompile Include="src\ProtocolManager.cpp">
      <Filter>Source Files</Filter>
    </ClCompile>
    <ClCompile Include="src\SerializeData.cpp">
      <Filter>Source Files</Filter>
    </ClCompile>
    <ClCompile Include="src\MemorySegment.cpp">
      <Filter>Source Files</Filter>
    </ClCompile>
    <ClCompile Include="src\RecyclableBuffer.cpp">
      <Filter>Source Files</Filter>
    </ClCompile>
    <ClCompile Include="src\AbstractPool.cpp">
      <Filter>Source Files</Filter>
    </ClCompile>
    <ClCompile Include="src\Connection.cpp">
      <Filter>Source Files</Filter>
    </ClCompile>
  </ItemGroup>
  <ItemGroup>
    <ClInclude Include="src\Buffer.h">
      <Filter>Header Files</Filter>
    </ClInclude>
    <ClInclude Include="src\ErrorCodes.h">
      <Filter>Header Files</Filter>
    </ClInclude>
    <ClInclude Include="src\IncomingPacket.h">
      <Filter>Header Files</Filter>
    </ClInclude>
    <ClInclude Include="src\MessageFactory.h">
      <Filter>Header Files</Filter>
    </ClInclude>
    <ClInclude Include="src\OutgoingPacket.h">
      <Filter>Header Files</Filter>
    </ClInclude>
    <ClInclude Include="src\Plateform.h">
      <Filter>Header Files</Filter>
    </ClInclude>
    <ClInclude Include="src\Protocol.h">
      <Filter>Header Files</Filter>
    </ClInclude>
    <ClInclude Include="src\ProtocolContext.h">
      <Filter>Header Files</Filter>
    </ClInclude>
    <ClInclude Include="src\ProtocolFramework.h">
      <Filter>Header Files</Filter>
    </ClInclude>
    <ClInclude Include="src\ProtocolFrameworkInc.h">
      <Filter>Header Files</Filter>
    </ClInclude>
    <ClInclude Include="src\stdafx.h">
      <Filter>Header Files</Filter>
    </ClInclude>
    <ClInclude Include="src\targetver.h">
      <Filter>Header Files</Filter>
    </ClInclude>
    <ClInclude Include="src\BufferPool.h">
      <Filter>Header Files</Filter>
    </ClInclude>
    <ClInclude Include="src\DeserializeData.h">
      <Filter>Header Files</Filter>
    </ClInclude>
    <ClInclude Include="src\ProtocolManager.h">
      <Filter>Header Files</Filter>
    </ClInclude>
    <ClInclude Include="src\SerializeData.h">
      <Filter>Header Files</Filter>
    </ClInclude>
    <ClInclude Include="src\MemorySegment.h">
      <Filter>Header Files</Filter>
    </ClInclude>
    <ClInclude Include="src\RecyclableBuffer.h">
      <Filter>Header Files</Filter>
    </ClInclude>
    <ClInclude Include="src\AbstractPool.h">
      <Filter>Header Files</Filter>
    </ClInclude>
    <ClInclude Include="src\Connection.h">
      <Filter>Header Files</Filter>
    </ClInclude>
  </ItemGroup>
  <ItemGroup>
    <Text Include="ReadMe.txt" />
  </ItemGroup>
</Project>