Microsoft Visual Studio Solution File, Format Version 7.00
Project("{8BC9CEB8-8B4A-11D0-8D11-00A0C91BC942}") = "ScreenSaver", "ScreenSaver\ScreenSaver.vcproj", "{670BCC06-7128-489C-A788-63F9EAD32F62}"
EndProject
Project("{8BC9CEB8-8B4A-11D0-8D11-00A0C91BC942}") = "StarLight", "StarLight\StarLight.vcproj", "{B631A0FE-6C38-4F07-B260-A82BDCF11972}"
EndProject
Project("{8BC9CEB8-8B4A-11D0-8D11-00A0C91BC942}") = "Astrelem", "Astrelem\Astrelem.vcproj", "{B0646EC4-859C-4CCA-915B-DB44D35C4594}"
EndProject
Project("{8BC9CEB8-8B4A-11D0-8D11-00A0C91BC942}") = "Cometel", "Cometel\Cometel.vcproj", "{AC47348E-2821-43E7-AFA4-3A7FB5C8B548}"
EndProject
Project("{8BC9CEB8-8B4A-11D0-8D11-00A0C91BC942}") = "HomePlanet", "HomePlanet.vcproj", "{D5C8497B-8861-41AB-9D97-DE1985679D15}"
EndProject
Project("{8BC9CEB8-8B4A-11D0-8D11-00A0C91BC942}") = "Map_lite", "Map_lite\Map_lite.vcproj", "{0C5FF198-62EA-4A89-A2F8-1C8ABBF5867D}"
EndProject
Project("{8BC9CEB8-8B4A-11D0-8D11-00A0C91BC942}") = "Mapbits", "Mapbits\Mapbits.vcproj", "{C5E2DAF7-D4B2-47B9-8A8B-1022CBD20A2F}"
EndProject
Project("{8BC9CEB8-8B4A-11D0-8D11-00A0C91BC942}") = "Scenery", "Scenery\Scenery.vcproj", "{0B539167-F94F-40D7-AB68-E9289689A23D}"
EndProject
Project("{8BC9CEB8-8B4A-11D0-8D11-00A0C91BC942}") = "Starmaps", "Starmaps\Starmaps.vcproj", "{C71E94AA-32F7-4503-84BD-DD376B655C2B}"
EndProject
Global
	GlobalSection(SolutionConfiguration) = preSolution
		ConfigName.0 = Debug
		ConfigName.1 = Release
	EndGlobalSection
	GlobalSection(ProjectDependencies) = postSolution
		{D5C8497B-8861-41AB-9D97-DE1985679D15}.0 = {AC47348E-2821-43E7-AFA4-3A7FB5C8B548}
		{D5C8497B-8861-41AB-9D97-DE1985679D15}.1 = {B0646EC4-859C-4CCA-915B-DB44D35C4594}
		{D5C8497B-8861-41AB-9D97-DE1985679D15}.2 = {0C5FF198-62EA-4A89-A2F8-1C8ABBF5867D}
		{D5C8497B-8861-41AB-9D97-DE1985679D15}.3 = {B631A0FE-6C38-4F07-B260-A82BDCF11972}
		{D5C8497B-8861-41AB-9D97-DE1985679D15}.4 = {670BCC06-7128-489C-A788-63F9EAD32F62}
		{D5C8497B-8861-41AB-9D97-DE1985679D15}.5 = {0B539167-F94F-40D7-AB68-E9289689A23D}
		{D5C8497B-8861-41AB-9D97-DE1985679D15}.6 = {C5E2DAF7-D4B2-47B9-8A8B-1022CBD20A2F}
		{D5C8497B-8861-41AB-9D97-DE1985679D15}.7 = {C71E94AA-32F7-4503-84BD-DD376B655C2B}
	EndGlobalSection
	GlobalSection(ProjectConfiguration) = postSolution
		{670BCC06-7128-489C-A788-63F9EAD32F62}.Debug.ActiveCfg = Debug|Win32
		{670BCC06-7128-489C-A788-63F9EAD32F62}.Debug.Build.0 = Debug|Win32
		{670BCC06-7128-489C-A788-63F9EAD32F62}.Release.ActiveCfg = Release|Win32
		{670BCC06-7128-489C-A788-63F9EAD32F62}.Release.Build.0 = Release|Win32
		{B631A0FE-6C38-4F07-B260-A82BDCF11972}.Debug.ActiveCfg = Debug|Win32
		{B631A0FE-6C38-4F07-B260-A82BDCF11972}.Debug.Build.0 = Debug|Win32
		{B631A0FE-6C38-4F07-B260-A82BDCF11972}.Release.ActiveCfg = Release|Win32
		{B631A0FE-6C38-4F07-B260-A82BDCF11972}.Release.Build.0 = Release|Win32
		{B0646EC4-859C-4CCA-915B-DB44D35C4594}.Debug.ActiveCfg = Debug|Win32
		{B0646EC4-859C-4CCA-915B-DB44D35C4594}.Debug.Build.0 = Debug|Win32
		{B0646EC4-859C-4CCA-915B-DB44D35C4594}.Release.ActiveCfg = Release|Win32
		{B0646EC4-859C-4CCA-915B-DB44D35C4594}.Release.Build.0 = Release|Win32
		{AC47348E-2821-43E7-AFA4-3A7FB5C8B548}.Debug.ActiveCfg = Debug|Win32
		{AC47348E-2821-43E7-AFA4-3A7FB5C8B548}.Debug.Build.0 = Debug|Win32
		{AC47348E-2821-43E7-AFA4-3A7FB5C8B548}.Release.ActiveCfg = Release|Win32
		{AC47348E-2821-43E7-AFA4-3A7FB5C8B548}.Release.Build.0 = Release|Win32
		{D5C8497B-8861-41AB-9D97-DE1985679D15}.Debug.ActiveCfg = Debug|Win32
		{D5C8497B-8861-41AB-9D97-DE1985679D15}.Debug.Build.0 = Debug|Win32
		{D5C8497B-8861-41AB-9D97-DE1985679D15}.Release.ActiveCfg = Release|Win32
		{D5C8497B-8861-41AB-9D97-DE1985679D15}.Release.Build.0 = Release|Win32
		{0C5FF198-62EA-4A89-A2F8-1C8ABBF5867D}.Debug.ActiveCfg = Debug|Win32
		{0C5FF198-62EA-4A89-A2F8-1C8ABBF5867D}.Debug.Build.0 = Debug|Win32
		{0C5FF198-62EA-4A89-A2F8-1C8ABBF5867D}.Release.ActiveCfg = Release|Win32
		{0C5FF198-62EA-4A89-A2F8-1C8ABBF5867D}.Release.Build.0 = Release|Win32
		{C5E2DAF7-D4B2-47B9-8A8B-1022CBD20A2F}.Debug.ActiveCfg = Debug|Win32
		{C5E2DAF7-D4B2-47B9-8A8B-1022CBD20A2F}.Debug.Build.0 = Debug|Win32
		{C5E2DAF7-D4B2-47B9-8A8B-1022CBD20A2F}.Release.ActiveCfg = Release|Win32
		{C5E2DAF7-D4B2-47B9-8A8B-1022CBD20A2F}.Release.Build.0 = Release|Win32
		{0B539167-F94F-40D7-AB68-E9289689A23D}.Debug.ActiveCfg = Debug|Win32
		{0B539167-F94F-40D7-AB68-E9289689A23D}.Debug.Build.0 = Debug|Win32
		{0B539167-F94F-40D7-AB68-E9289689A23D}.Release.ActiveCfg = Release|Win32
		{0B539167-F94F-40D7-AB68-E9289689A23D}.Release.Build.0 = Release|Win32
		{C71E94AA-32F7-4503-84BD-DD376B655C2B}.Debug.ActiveCfg = Debug|Win32
		{C71E94AA-32F7-4503-84BD-DD376B655C2B}.Debug.Build.0 = Debug|Win32
		{C71E94AA-32F7-4503-84BD-DD376B655C2B}.Release.ActiveCfg = Release|Win32
		{C71E94AA-32F7-4503-84BD-DD376B655C2B}.Release.Build.0 = Release|Win32
	EndGlobalSection
	GlobalSection(ExtensibilityGlobals) = postSolution
	EndGlobalSection
	GlobalSection(ExtensibilityAddIns) = postSolution
	EndGlobalSection
EndGlobal
