Microsoft Visual Studio Solution File, Format Version 12.00
# Visual Studio 2013
VisualStudioVersion = 12.0.40629.0
MinimumVisualStudioVersion = 10.0.40219.1
Project("{8BC9CEB8-8B4A-11D0-8D11-00A0C91BC942}") = "ALL_BUILD", "ALL_BUILD.vcxproj", "{9123D215-ED55-38ED-89ED-09310AD0B55A}"
	ProjectSection(ProjectDependencies) = postProject
		{A4E80BE2-632B-31A6-9EF5-C4DD16E363D7} = {A4E80BE2-632B-31A6-9EF5-C4DD16E363D7}
		{318D0EE8-9882-38BF-A9BA-22DF1ED69501} = {318D0EE8-9882-38BF-A9BA-22DF1ED69501}
		{23530A01-314D-3B06-8E57-182A992EA64E} = {23530A01-314D-3B06-8E57-182A992EA64E}
	EndProjectSection
EndProject
Project("{8BC9CEB8-8B4A-11D0-8D11-00A0C91BC942}") = "INSTALL", "INSTALL.vcxproj", "{7701C965-3E84-330F-9C78-F5C4DB5F6194}"
	ProjectSection(ProjectDependencies) = postProject
		{9123D215-ED55-38ED-89ED-09310AD0B55A} = {9123D215-ED55-38ED-89ED-09310AD0B55A}
		{A4E80BE2-632B-31A6-9EF5-C4DD16E363D7} = {A4E80BE2-632B-31A6-9EF5-C4DD16E363D7}
	EndProjectSection
EndProject
Project("{8BC9CEB8-8B4A-11D0-8D11-00A0C91BC942}") = "PACKAGE", "PACKAGE.vcxproj", "{F9CC8B71-86AD-33CD-862B-DBFED5AE440F}"
	ProjectSection(ProjectDependencies) = postProject
		{9123D215-ED55-38ED-89ED-09310AD0B55A} = {9123D215-ED55-38ED-89ED-09310AD0B55A}
		{A4E80BE2-632B-31A6-9EF5-C4DD16E363D7} = {A4E80BE2-632B-31A6-9EF5-C4DD16E363D7}
	EndProjectSection
EndProject
Project("{8BC9CEB8-8B4A-11D0-8D11-00A0C91BC942}") = "ZERO_CHECK", "ZERO_CHECK.vcxproj", "{A4E80BE2-632B-31A6-9EF5-C4DD16E363D7}"
EndProject
Project("{8BC9CEB8-8B4A-11D0-8D11-00A0C91BC942}") = "flvmeta", "src\flvmeta.vcxproj", "{318D0EE8-9882-38BF-A9BA-22DF1ED69501}"
	ProjectSection(ProjectDependencies) = postProject
		{A4E80BE2-632B-31A6-9EF5-C4DD16E363D7} = {A4E80BE2-632B-31A6-9EF5-C4DD16E363D7}
		{23530A01-314D-3B06-8E57-182A992EA64E} = {23530A01-314D-3B06-8E57-182A992EA64E}
	EndProjectSection
EndProject
Project("{8BC9CEB8-8B4A-11D0-8D11-00A0C91BC942}") = "yaml", "src\libyaml\yaml.vcxproj", "{23530A01-314D-3B06-8E57-182A992EA64E}"
	ProjectSection(ProjectDependencies) = postProject
		{A4E80BE2-632B-31A6-9EF5-C4DD16E363D7} = {A4E80BE2-632B-31A6-9EF5-C4DD16E363D7}
	EndProjectSection
EndProject
Global
	GlobalSection(SolutionConfigurationPlatforms) = preSolution
		Debug|Win32 = Debug|Win32
		Debug|x64 = Debug|x64
		MinSizeRel|Win32 = MinSizeRel|Win32
		MinSizeRel|x64 = MinSizeRel|x64
		Release|Win32 = Release|Win32
		Release|x64 = Release|x64
		RelWithDebInfo|Win32 = RelWithDebInfo|Win32
		RelWithDebInfo|x64 = RelWithDebInfo|x64
	EndGlobalSection
	GlobalSection(ProjectConfigurationPlatforms) = postSolution
		{9123D215-ED55-38ED-89ED-09310AD0B55A}.Debug|Win32.ActiveCfg = Debug|Win32
		{9123D215-ED55-38ED-89ED-09310AD0B55A}.Debug|Win32.Build.0 = Debug|Win32
		{9123D215-ED55-38ED-89ED-09310AD0B55A}.Debug|x64.ActiveCfg = Debug|x64
		{9123D215-ED55-38ED-89ED-09310AD0B55A}.Debug|x64.Build.0 = Debug|x64
		{9123D215-ED55-38ED-89ED-09310AD0B55A}.MinSizeRel|Win32.ActiveCfg = MinSizeRel|Win32
		{9123D215-ED55-38ED-89ED-09310AD0B55A}.MinSizeRel|Win32.Build.0 = MinSizeRel|Win32
		{9123D215-ED55-38ED-89ED-09310AD0B55A}.MinSizeRel|x64.ActiveCfg = MinSizeRel|x64
		{9123D215-ED55-38ED-89ED-09310AD0B55A}.MinSizeRel|x64.Build.0 = MinSizeRel|x64
		{9123D215-ED55-38ED-89ED-09310AD0B55A}.Release|Win32.ActiveCfg = Release|Win32
		{9123D215-ED55-38ED-89ED-09310AD0B55A}.Release|Win32.Build.0 = Release|Win32
		{9123D215-ED55-38ED-89ED-09310AD0B55A}.Release|x64.ActiveCfg = Release|x64
		{9123D215-ED55-38ED-89ED-09310AD0B55A}.Release|x64.Build.0 = Release|x64
		{9123D215-ED55-38ED-89ED-09310AD0B55A}.RelWithDebInfo|Win32.ActiveCfg = RelWithDebInfo|Win32
		{9123D215-ED55-38ED-89ED-09310AD0B55A}.RelWithDebInfo|Win32.Build.0 = RelWithDebInfo|Win32
		{9123D215-ED55-38ED-89ED-09310AD0B55A}.RelWithDebInfo|x64.ActiveCfg = RelWithDebInfo|x64
		{9123D215-ED55-38ED-89ED-09310AD0B55A}.RelWithDebInfo|x64.Build.0 = RelWithDebInfo|x64
		{7701C965-3E84-330F-9C78-F5C4DB5F6194}.Debug|Win32.ActiveCfg = Debug|Win32
		{7701C965-3E84-330F-9C78-F5C4DB5F6194}.Debug|x64.ActiveCfg = Debug|x64
		{7701C965-3E84-330F-9C78-F5C4DB5F6194}.MinSizeRel|Win32.ActiveCfg = MinSizeRel|Win32
		{7701C965-3E84-330F-9C78-F5C4DB5F6194}.MinSizeRel|x64.ActiveCfg = MinSizeRel|x64
		{7701C965-3E84-330F-9C78-F5C4DB5F6194}.Release|Win32.ActiveCfg = Release|Win32
		{7701C965-3E84-330F-9C78-F5C4DB5F6194}.Release|x64.ActiveCfg = Release|x64
		{7701C965-3E84-330F-9C78-F5C4DB5F6194}.RelWithDebInfo|Win32.ActiveCfg = RelWithDebInfo|Win32
		{7701C965-3E84-330F-9C78-F5C4DB5F6194}.RelWithDebInfo|x64.ActiveCfg = RelWithDebInfo|x64
		{F9CC8B71-86AD-33CD-862B-DBFED5AE440F}.Debug|Win32.ActiveCfg = Debug|Win32
		{F9CC8B71-86AD-33CD-862B-DBFED5AE440F}.Debug|x64.ActiveCfg = Debug|x64
		{F9CC8B71-86AD-33CD-862B-DBFED5AE440F}.MinSizeRel|Win32.ActiveCfg = MinSizeRel|Win32
		{F9CC8B71-86AD-33CD-862B-DBFED5AE440F}.MinSizeRel|x64.ActiveCfg = MinSizeRel|x64
		{F9CC8B71-86AD-33CD-862B-DBFED5AE440F}.Release|Win32.ActiveCfg = Release|Win32
		{F9CC8B71-86AD-33CD-862B-DBFED5AE440F}.Release|x64.ActiveCfg = Release|x64
		{F9CC8B71-86AD-33CD-862B-DBFED5AE440F}.RelWithDebInfo|Win32.ActiveCfg = RelWithDebInfo|Win32
		{F9CC8B71-86AD-33CD-862B-DBFED5AE440F}.RelWithDebInfo|x64.ActiveCfg = RelWithDebInfo|x64
		{A4E80BE2-632B-31A6-9EF5-C4DD16E363D7}.Debug|Win32.ActiveCfg = Debug|Win32
		{A4E80BE2-632B-31A6-9EF5-C4DD16E363D7}.Debug|Win32.Build.0 = Debug|Win32
		{A4E80BE2-632B-31A6-9EF5-C4DD16E363D7}.Debug|x64.ActiveCfg = Debug|x64
		{A4E80BE2-632B-31A6-9EF5-C4DD16E363D7}.Debug|x64.Build.0 = Debug|x64
		{A4E80BE2-632B-31A6-9EF5-C4DD16E363D7}.MinSizeRel|Win32.ActiveCfg = MinSizeRel|Win32
		{A4E80BE2-632B-31A6-9EF5-C4DD16E363D7}.MinSizeRel|Win32.Build.0 = MinSizeRel|Win32
		{A4E80BE2-632B-31A6-9EF5-C4DD16E363D7}.MinSizeRel|x64.ActiveCfg = MinSizeRel|x64
		{A4E80BE2-632B-31A6-9EF5-C4DD16E363D7}.MinSizeRel|x64.Build.0 = MinSizeRel|x64
		{A4E80BE2-632B-31A6-9EF5-C4DD16E363D7}.Release|Win32.ActiveCfg = Release|Win32
		{A4E80BE2-632B-31A6-9EF5-C4DD16E363D7}.Release|Win32.Build.0 = Release|Win32
		{A4E80BE2-632B-31A6-9EF5-C4DD16E363D7}.Release|x64.ActiveCfg = Release|x64
		{A4E80BE2-632B-31A6-9EF5-C4DD16E363D7}.Release|x64.Build.0 = Release|x64
		{A4E80BE2-632B-31A6-9EF5-C4DD16E363D7}.RelWithDebInfo|Win32.ActiveCfg = RelWithDebInfo|Win32
		{A4E80BE2-632B-31A6-9EF5-C4DD16E363D7}.RelWithDebInfo|Win32.Build.0 = RelWithDebInfo|Win32
		{A4E80BE2-632B-31A6-9EF5-C4DD16E363D7}.RelWithDebInfo|x64.ActiveCfg = RelWithDebInfo|x64
		{A4E80BE2-632B-31A6-9EF5-C4DD16E363D7}.RelWithDebInfo|x64.Build.0 = RelWithDebInfo|x64
		{318D0EE8-9882-38BF-A9BA-22DF1ED69501}.Debug|Win32.ActiveCfg = Debug|Win32
		{318D0EE8-9882-38BF-A9BA-22DF1ED69501}.Debug|Win32.Build.0 = Debug|Win32
		{318D0EE8-9882-38BF-A9BA-22DF1ED69501}.Debug|x64.ActiveCfg = Debug|x64
		{318D0EE8-9882-38BF-A9BA-22DF1ED69501}.Debug|x64.Build.0 = Debug|x64
		{318D0EE8-9882-38BF-A9BA-22DF1ED69501}.MinSizeRel|Win32.ActiveCfg = MinSizeRel|Win32
		{318D0EE8-9882-38BF-A9BA-22DF1ED69501}.MinSizeRel|Win32.Build.0 = MinSizeRel|Win32
		{318D0EE8-9882-38BF-A9BA-22DF1ED69501}.MinSizeRel|x64.ActiveCfg = MinSizeRel|x64
		{318D0EE8-9882-38BF-A9BA-22DF1ED69501}.MinSizeRel|x64.Build.0 = MinSizeRel|x64
		{318D0EE8-9882-38BF-A9BA-22DF1ED69501}.Release|Win32.ActiveCfg = Release|Win32
		{318D0EE8-9882-38BF-A9BA-22DF1ED69501}.Release|Win32.Build.0 = Release|Win32
		{318D0EE8-9882-38BF-A9BA-22DF1ED69501}.Release|x64.ActiveCfg = Release|x64
		{318D0EE8-9882-38BF-A9BA-22DF1ED69501}.Release|x64.Build.0 = Release|x64
		{318D0EE8-9882-38BF-A9BA-22DF1ED69501}.RelWithDebInfo|Win32.ActiveCfg = RelWithDebInfo|Win32
		{318D0EE8-9882-38BF-A9BA-22DF1ED69501}.RelWithDebInfo|Win32.Build.0 = RelWithDebInfo|Win32
		{318D0EE8-9882-38BF-A9BA-22DF1ED69501}.RelWithDebInfo|x64.ActiveCfg = RelWithDebInfo|x64
		{318D0EE8-9882-38BF-A9BA-22DF1ED69501}.RelWithDebInfo|x64.Build.0 = RelWithDebInfo|x64
		{23530A01-314D-3B06-8E57-182A992EA64E}.Debug|Win32.ActiveCfg = Debug|Win32
		{23530A01-314D-3B06-8E57-182A992EA64E}.Debug|Win32.Build.0 = Debug|Win32
		{23530A01-314D-3B06-8E57-182A992EA64E}.Debug|x64.ActiveCfg = Debug|x64
		{23530A01-314D-3B06-8E57-182A992EA64E}.Debug|x64.Build.0 = Debug|x64
		{23530A01-314D-3B06-8E57-182A992EA64E}.MinSizeRel|Win32.ActiveCfg = MinSizeRel|Win32
		{23530A01-314D-3B06-8E57-182A992EA64E}.MinSizeRel|Win32.Build.0 = MinSizeRel|Win32
		{23530A01-314D-3B06-8E57-182A992EA64E}.MinSizeRel|x64.ActiveCfg = MinSizeRel|x64
		{23530A01-314D-3B06-8E57-182A992EA64E}.MinSizeRel|x64.Build.0 = MinSizeRel|x64
		{23530A01-314D-3B06-8E57-182A992EA64E}.Release|Win32.ActiveCfg = Release|Win32
		{23530A01-314D-3B06-8E57-182A992EA64E}.Release|Win32.Build.0 = Release|Win32
		{23530A01-314D-3B06-8E57-182A992EA64E}.Release|x64.ActiveCfg = Release|x64
		{23530A01-314D-3B06-8E57-182A992EA64E}.Release|x64.Build.0 = Release|x64
		{23530A01-314D-3B06-8E57-182A992EA64E}.RelWithDebInfo|Win32.ActiveCfg = RelWithDebInfo|Win32
		{23530A01-314D-3B06-8E57-182A992EA64E}.RelWithDebInfo|Win32.Build.0 = RelWithDebInfo|Win32
		{23530A01-314D-3B06-8E57-182A992EA64E}.RelWithDebInfo|x64.ActiveCfg = RelWithDebInfo|x64
		{23530A01-314D-3B06-8E57-182A992EA64E}.RelWithDebInfo|x64.Build.0 = RelWithDebInfo|x64
	EndGlobalSection
	GlobalSection(SolutionProperties) = preSolution
		HideSolutionNode = FALSE
	EndGlobalSection
EndGlobal
